Microsoft Visual Studio Solution File, Format Version 12.00
# Visual Studio Version 17
VisualStudioVersion = 17.5.2.0
MinimumVisualStudioVersion = 10.0.40219.1
Project("{FAE04EC0-301F-11D3-BF4B-00C04F79EFBC}") = "QLPricingService", "QLPricingService\QLPricingService.csproj", "{BE34DB36-A7E8-E198-DE6A-E6359ED41500}"
EndProject
Project("{FAE04EC0-301F-11D3-BF4B-00C04F79EFBC}") = "QLPricingService.Tests", "QLPricingService.Tests\QLPricingService.Tests.csproj", "{03FD180D-5DF7-1E9D-323C-655B4210ABC4}"
EndProject
Global
	GlobalSection(SolutionConfigurationPlatforms) = preSolution
		Debug|Any CPU = Debug|Any CPU
		Release|Any CPU = Release|Any CPU
	EndGlobalSection
	GlobalSection(ProjectConfigurationPlatforms) = postSolution
		{BE34DB36-A7E8-E198-DE6A-E6359ED41500}.Debug|Any CPU.ActiveCfg = Debug|Any CPU
		{BE34DB36-A7E8-E198-DE6A-E6359ED41500}.Debug|Any CPU.Build.0 = Debug|Any CPU
		{BE34DB36-A7E8-E198-DE6A-E6359ED41500}.Release|Any CPU.ActiveCfg = Release|Any CPU
		{BE34DB36-A7E8-E198-DE6A-E6359ED41500}.Release|Any CPU.Build.0 = Release|Any CPU
		{03FD180D-5DF7-1E9D-323C-655B4210ABC4}.Debug|Any CPU.ActiveCfg = Debug|Any CPU
		{03FD180D-5DF7-1E9D-323C-655B4210ABC4}.Debug|Any CPU.Build.0 = Debug|Any CPU
		{03FD180D-5DF7-1E9D-323C-655B4210ABC4}.Release|Any CPU.ActiveCfg = Release|Any CPU
		{03FD180D-5DF7-1E9D-323C-655B4210ABC4}.Release|Any CPU.Build.0 = Release|Any CPU
	EndGlobalSection
	GlobalSection(SolutionProperties) = preSolution
		HideSolutionNode = FALSE
	EndGlobalSection
	GlobalSection(ExtensibilityGlobals) = postSolution
		SolutionGuid = {414F7E9C-F709-4082-92B0-B87D5813910E}
	EndGlobalSection
EndGlobal
